
Microsoft Visual Studio Solution File, Format Version 12.00
# Visual Studio 15
VisualStudioVersion = 15.0.28307.489
MinimumVisualStudioVersion = 10.0.40219.1
Project("{FAE04EC0-301F-11D3-BF4B-00C04F79EFBC}") = "Complementar1", "Complementar1\Complementar1.csproj", "{E9F369B3-D2EC-4AD5-9013-9277E3271A9B}"
EndProject
Global
	GlobalSection(SolutionConfigurationPlatforms) = preSolution
		Debug|Any CPU = Debug|Any CPU
		Release|Any CPU = Release|Any CPU
	EndGlobalSection
	GlobalSection(ProjectConfigurationPlatforms) = postSolution
		{E9F369B3-D2EC-4AD5-9013-9277E3271A9B}.Debug|Any CPU.ActiveCfg = Debug|Any CPU
		{E9F369B3-D2EC-4AD5-9013-9277E3271A9B}.Debug|Any CPU.Build.0 = Debug|Any CPU
		{E9F369B3-D2EC-4AD5-9013-9277E3271A9B}.Release|Any CPU.ActiveCfg = Release|Any CPU
		{E9F369B3-D2EC-4AD5-9013-9277E3271A9B}.Release|Any CPU.Build.0 = Release|Any CPU
	EndGlobalSection
	GlobalSection(SolutionProperties) = preSolution
		HideSolutionNode = FALSE
	EndGlobalSection
	GlobalSection(ExtensibilityGlobals) = postSolution
		SolutionGuid = {A98EA301-8AFD-402F-8AEF-35AE650DD09A}
	EndGlobalSection
EndGlobal
