
Microsoft Visual Studio Solution File, Format Version 12.00
# Visual Studio 15
VisualStudioVersion = 15.0.28307.572
MinimumVisualStudioVersion = 10.0.40219.1
Project("{FAE04EC0-301F-11D3-BF4B-00C04F79EFBC}") = "EX 1", "EX 1\EX 1.csproj", "{BAF3C04C-D231-431A-A0EA-06C50C77A7B9}"
EndProject
Global
	GlobalSection(SolutionConfigurationPlatforms) = preSolution
		Debug|Any CPU = Debug|Any CPU
		Release|Any CPU = Release|Any CPU
	EndGlobalSection
	GlobalSection(ProjectConfigurationPlatforms) = postSolution
		{BAF3C04C-D231-431A-A0EA-06C50C77A7B9}.Debug|Any CPU.ActiveCfg = Debug|Any CPU
		{BAF3C04C-D231-431A-A0EA-06C50C77A7B9}.Debug|Any CPU.Build.0 = Debug|Any CPU
		{BAF3C04C-D231-431A-A0EA-06C50C77A7B9}.Release|Any CPU.ActiveCfg = Release|Any CPU
		{BAF3C04C-D231-431A-A0EA-06C50C77A7B9}.Release|Any CPU.Build.0 = Release|Any CPU
	EndGlobalSection
	GlobalSection(SolutionProperties) = preSolution
		HideSolutionNode = FALSE
	EndGlobalSection
	GlobalSection(ExtensibilityGlobals) = postSolution
		SolutionGuid = {95AD7C4B-6168-43D5-A817-9F57AF342CB3}
	EndGlobalSection
EndGlobal
