
Microsoft Visual Studio Solution File, Format Version 12.00
# Visual Studio 15
VisualStudioVersion = 15.0.28307.489
MinimumVisualStudioVersion = 10.0.40219.1
Project("{FAE04EC0-301F-11D3-BF4B-00C04F79EFBC}") = "Ex20", "Ex20\Ex20.csproj", "{8D1E381A-109D-4DB1-8EDF-B346F1594CD4}"
EndProject
Global
	GlobalSection(SolutionConfigurationPlatforms) = preSolution
		Debug|Any CPU = Debug|Any CPU
		Release|Any CPU = Release|Any CPU
	EndGlobalSection
	GlobalSection(ProjectConfigurationPlatforms) = postSolution
		{8D1E381A-109D-4DB1-8EDF-B346F1594CD4}.Debug|Any CPU.ActiveCfg = Debug|Any CPU
		{8D1E381A-109D-4DB1-8EDF-B346F1594CD4}.Debug|Any CPU.Build.0 = Debug|Any CPU
		{8D1E381A-109D-4DB1-8EDF-B346F1594CD4}.Release|Any CPU.ActiveCfg = Release|Any CPU
		{8D1E381A-109D-4DB1-8EDF-B346F1594CD4}.Release|Any CPU.Build.0 = Release|Any CPU
	EndGlobalSection
	GlobalSection(SolutionProperties) = preSolution
		HideSolutionNode = FALSE
	EndGlobalSection
	GlobalSection(ExtensibilityGlobals) = postSolution
		SolutionGuid = {CC244B09-2E73-4CB0-A5D5-468942C34598}
	EndGlobalSection
EndGlobal
