
Microsoft Visual Studio Solution File, Format Version 12.00
# Visual Studio 15
VisualStudioVersion = 15.0.28307.489
MinimumVisualStudioVersion = 10.0.40219.1
Project("{FAE04EC0-301F-11D3-BF4B-00C04F79EFBC}") = "Exemplo", "Exemplo\Exemplo.csproj", "{126D79AD-CC4C-43EE-B99C-FA26E62FB521}"
EndProject
Global
	GlobalSection(SolutionConfigurationPlatforms) = preSolution
		Debug|Any CPU = Debug|Any CPU
		Release|Any CPU = Release|Any CPU
	EndGlobalSection
	GlobalSection(ProjectConfigurationPlatforms) = postSolution
		{126D79AD-CC4C-43EE-B99C-FA26E62FB521}.Debug|Any CPU.ActiveCfg = Debug|Any CPU
		{126D79AD-CC4C-43EE-B99C-FA26E62FB521}.Debug|Any CPU.Build.0 = Debug|Any CPU
		{126D79AD-CC4C-43EE-B99C-FA26E62FB521}.Release|Any CPU.ActiveCfg = Release|Any CPU
		{126D79AD-CC4C-43EE-B99C-FA26E62FB521}.Release|Any CPU.Build.0 = Release|Any CPU
	EndGlobalSection
	GlobalSection(SolutionProperties) = preSolution
		HideSolutionNode = FALSE
	EndGlobalSection
	GlobalSection(ExtensibilityGlobals) = postSolution
		SolutionGuid = {FA5233FC-26E0-4A14-B6ED-076B690BAD9F}
	EndGlobalSection
EndGlobal
