
Microsoft Visual Studio Solution File, Format Version 12.00
# Visual Studio 15
VisualStudioVersion = 15.0.28307.489
MinimumVisualStudioVersion = 10.0.40219.1
Project("{FAE04EC0-301F-11D3-BF4B-00C04F79EFBC}") = "outros2", "outros2\outros2.csproj", "{F32BD42F-666A-4DCB-B678-E0FC6783C26D}"
EndProject
Global
	GlobalSection(SolutionConfigurationPlatforms) = preSolution
		Debug|Any CPU = Debug|Any CPU
		Release|Any CPU = Release|Any CPU
	EndGlobalSection
	GlobalSection(ProjectConfigurationPlatforms) = postSolution
		{F32BD42F-666A-4DCB-B678-E0FC6783C26D}.Debug|Any CPU.ActiveCfg = Debug|Any CPU
		{F32BD42F-666A-4DCB-B678-E0FC6783C26D}.Debug|Any CPU.Build.0 = Debug|Any CPU
		{F32BD42F-666A-4DCB-B678-E0FC6783C26D}.Release|Any CPU.ActiveCfg = Release|Any CPU
		{F32BD42F-666A-4DCB-B678-E0FC6783C26D}.Release|Any CPU.Build.0 = Release|Any CPU
	EndGlobalSection
	GlobalSection(SolutionProperties) = preSolution
		HideSolutionNode = FALSE
	EndGlobalSection
	GlobalSection(ExtensibilityGlobals) = postSolution
		SolutionGuid = {62FBBAE1-4CFD-41FC-A4B4-4D0397C215C4}
	EndGlobalSection
EndGlobal
