
Microsoft Visual Studio Solution File, Format Version 12.00
# Visual Studio 15
VisualStudioVersion = 15.0.28307.572
MinimumVisualStudioVersion = 10.0.40219.1
Project("{FAE04EC0-301F-11D3-BF4B-00C04F79EFBC}") = "EX 5", "EX 5\EX 5.csproj", "{E08D7FEC-0747-4F89-AFB9-3E5002924DFD}"
EndProject
Global
	GlobalSection(SolutionConfigurationPlatforms) = preSolution
		Debug|Any CPU = Debug|Any CPU
		Release|Any CPU = Release|Any CPU
	EndGlobalSection
	GlobalSection(ProjectConfigurationPlatforms) = postSolution
		{E08D7FEC-0747-4F89-AFB9-3E5002924DFD}.Debug|Any CPU.ActiveCfg = Debug|Any CPU
		{E08D7FEC-0747-4F89-AFB9-3E5002924DFD}.Debug|Any CPU.Build.0 = Debug|Any CPU
		{E08D7FEC-0747-4F89-AFB9-3E5002924DFD}.Release|Any CPU.ActiveCfg = Release|Any CPU
		{E08D7FEC-0747-4F89-AFB9-3E5002924DFD}.Release|Any CPU.Build.0 = Release|Any CPU
	EndGlobalSection
	GlobalSection(SolutionProperties) = preSolution
		HideSolutionNode = FALSE
	EndGlobalSection
	GlobalSection(ExtensibilityGlobals) = postSolution
		SolutionGuid = {1E66ED8F-FA6C-428F-84A7-4ACD4DF370CB}
	EndGlobalSection
EndGlobal
