
Microsoft Visual Studio Solution File, Format Version 12.00
# Visual Studio 15
VisualStudioVersion = 15.0.28307.572
MinimumVisualStudioVersion = 10.0.40219.1
Project("{FAE04EC0-301F-11D3-BF4B-00C04F79EFBC}") = "EX 4", "EX 4\EX 4.csproj", "{3A2BF583-31EC-4776-982B-3157F9021F40}"
EndProject
Global
	GlobalSection(SolutionConfigurationPlatforms) = preSolution
		Debug|Any CPU = Debug|Any CPU
		Release|Any CPU = Release|Any CPU
	EndGlobalSection
	GlobalSection(ProjectConfigurationPlatforms) = postSolution
		{3A2BF583-31EC-4776-982B-3157F9021F40}.Debug|Any CPU.ActiveCfg = Debug|Any CPU
		{3A2BF583-31EC-4776-982B-3157F9021F40}.Debug|Any CPU.Build.0 = Debug|Any CPU
		{3A2BF583-31EC-4776-982B-3157F9021F40}.Release|Any CPU.ActiveCfg = Release|Any CPU
		{3A2BF583-31EC-4776-982B-3157F9021F40}.Release|Any CPU.Build.0 = Release|Any CPU
	EndGlobalSection
	GlobalSection(SolutionProperties) = preSolution
		HideSolutionNode = FALSE
	EndGlobalSection
	GlobalSection(ExtensibilityGlobals) = postSolution
		SolutionGuid = {26BF7B2D-732F-4F7E-AF2E-B89661CE40EE}
	EndGlobalSection
EndGlobal
