
Microsoft Visual Studio Solution File, Format Version 12.00
# Visual Studio 15
VisualStudioVersion = 15.0.28307.489
MinimumVisualStudioVersion = 10.0.40219.1
Project("{FAE04EC0-301F-11D3-BF4B-00C04F79EFBC}") = "ConsoleApp3", "ConsoleApp3\ConsoleApp3.csproj", "{CBB5616C-E5A8-473B-83B1-CB7B892B0FFD}"
EndProject
Global
	GlobalSection(SolutionConfigurationPlatforms) = preSolution
		Debug|Any CPU = Debug|Any CPU
		Release|Any CPU = Release|Any CPU
	EndGlobalSection
	GlobalSection(ProjectConfigurationPlatforms) = postSolution
		{CBB5616C-E5A8-473B-83B1-CB7B892B0FFD}.Debug|Any CPU.ActiveCfg = Debug|Any CPU
		{CBB5616C-E5A8-473B-83B1-CB7B892B0FFD}.Debug|Any CPU.Build.0 = Debug|Any CPU
		{CBB5616C-E5A8-473B-83B1-CB7B892B0FFD}.Release|Any CPU.ActiveCfg = Release|Any CPU
		{CBB5616C-E5A8-473B-83B1-CB7B892B0FFD}.Release|Any CPU.Build.0 = Release|Any CPU
	EndGlobalSection
	GlobalSection(SolutionProperties) = preSolution
		HideSolutionNode = FALSE
	EndGlobalSection
	GlobalSection(ExtensibilityGlobals) = postSolution
		SolutionGuid = {A605D3BF-8037-442D-A52C-3406ED0E1223}
	EndGlobalSection
EndGlobal
