
Microsoft Visual Studio Solution File, Format Version 12.00
# Visual Studio 15
VisualStudioVersion = 15.0.28307.572
MinimumVisualStudioVersion = 10.0.40219.1
Project("{FAE04EC0-301F-11D3-BF4B-00C04F79EFBC}") = "EX 1", "EX 1\EX 1.csproj", "{BB5943AD-C075-4DE2-BD2C-6994264D76B9}"
EndProject
Global
	GlobalSection(SolutionConfigurationPlatforms) = preSolution
		Debug|Any CPU = Debug|Any CPU
		Release|Any CPU = Release|Any CPU
	EndGlobalSection
	GlobalSection(ProjectConfigurationPlatforms) = postSolution
		{BB5943AD-C075-4DE2-BD2C-6994264D76B9}.Debug|Any CPU.ActiveCfg = Debug|Any CPU
		{BB5943AD-C075-4DE2-BD2C-6994264D76B9}.Debug|Any CPU.Build.0 = Debug|Any CPU
		{BB5943AD-C075-4DE2-BD2C-6994264D76B9}.Release|Any CPU.ActiveCfg = Release|Any CPU
		{BB5943AD-C075-4DE2-BD2C-6994264D76B9}.Release|Any CPU.Build.0 = Release|Any CPU
	EndGlobalSection
	GlobalSection(SolutionProperties) = preSolution
		HideSolutionNode = FALSE
	EndGlobalSection
	GlobalSection(ExtensibilityGlobals) = postSolution
		SolutionGuid = {13AE520F-3DBB-46D4-BA83-F51236E9882F}
	EndGlobalSection
EndGlobal
