
Microsoft Visual Studio Solution File, Format Version 12.00
# Visual Studio 15
VisualStudioVersion = 15.0.28307.489
MinimumVisualStudioVersion = 10.0.40219.1
Project("{FAE04EC0-301F-11D3-BF4B-00C04F79EFBC}") = "Ex1", "Ex1\Ex1.csproj", "{5A184FA2-0F3D-4BFC-9EB9-D7DC935EF609}"
EndProject
Global
	GlobalSection(SolutionConfigurationPlatforms) = preSolution
		Debug|Any CPU = Debug|Any CPU
		Release|Any CPU = Release|Any CPU
	EndGlobalSection
	GlobalSection(ProjectConfigurationPlatforms) = postSolution
		{5A184FA2-0F3D-4BFC-9EB9-D7DC935EF609}.Debug|Any CPU.ActiveCfg = Debug|Any CPU
		{5A184FA2-0F3D-4BFC-9EB9-D7DC935EF609}.Debug|Any CPU.Build.0 = Debug|Any CPU
		{5A184FA2-0F3D-4BFC-9EB9-D7DC935EF609}.Release|Any CPU.ActiveCfg = Release|Any CPU
		{5A184FA2-0F3D-4BFC-9EB9-D7DC935EF609}.Release|Any CPU.Build.0 = Release|Any CPU
	EndGlobalSection
	GlobalSection(SolutionProperties) = preSolution
		HideSolutionNode = FALSE
	EndGlobalSection
	GlobalSection(ExtensibilityGlobals) = postSolution
		SolutionGuid = {79797E41-28A0-4CD5-BF9A-E3B942D4DFC8}
	EndGlobalSection
EndGlobal
