
Microsoft Visual Studio Solution File, Format Version 12.00
# Visual Studio 15
VisualStudioVersion = 15.0.28307.489
MinimumVisualStudioVersion = 10.0.40219.1
Project("{FAE04EC0-301F-11D3-BF4B-00C04F79EFBC}") = "questao23", "questao23\questao23.csproj", "{F2D06FA2-50D7-4817-BF61-90A3D3BB438F}"
EndProject
Global
	GlobalSection(SolutionConfigurationPlatforms) = preSolution
		Debug|Any CPU = Debug|Any CPU
		Release|Any CPU = Release|Any CPU
	EndGlobalSection
	GlobalSection(ProjectConfigurationPlatforms) = postSolution
		{F2D06FA2-50D7-4817-BF61-90A3D3BB438F}.Debug|Any CPU.ActiveCfg = Debug|Any CPU
		{F2D06FA2-50D7-4817-BF61-90A3D3BB438F}.Debug|Any CPU.Build.0 = Debug|Any CPU
		{F2D06FA2-50D7-4817-BF61-90A3D3BB438F}.Release|Any CPU.ActiveCfg = Release|Any CPU
		{F2D06FA2-50D7-4817-BF61-90A3D3BB438F}.Release|Any CPU.Build.0 = Release|Any CPU
	EndGlobalSection
	GlobalSection(SolutionProperties) = preSolution
		HideSolutionNode = FALSE
	EndGlobalSection
	GlobalSection(ExtensibilityGlobals) = postSolution
		SolutionGuid = {8075E575-64EC-4D55-92AB-79BB0BD38553}
	EndGlobalSection
EndGlobal
