
Microsoft Visual Studio Solution File, Format Version 12.00
# Visual Studio 15
VisualStudioVersion = 15.0.28307.489
MinimumVisualStudioVersion = 10.0.40219.1
Project("{FAE04EC0-301F-11D3-BF4B-00C04F79EFBC}") = "Complementar 4", "Complementar 4\Complementar 4.csproj", "{72AE0A80-9FBF-4AAB-9CB0-1E2F353BF057}"
EndProject
Global
	GlobalSection(SolutionConfigurationPlatforms) = preSolution
		Debug|Any CPU = Debug|Any CPU
		Release|Any CPU = Release|Any CPU
	EndGlobalSection
	GlobalSection(ProjectConfigurationPlatforms) = postSolution
		{72AE0A80-9FBF-4AAB-9CB0-1E2F353BF057}.Debug|Any CPU.ActiveCfg = Debug|Any CPU
		{72AE0A80-9FBF-4AAB-9CB0-1E2F353BF057}.Debug|Any CPU.Build.0 = Debug|Any CPU
		{72AE0A80-9FBF-4AAB-9CB0-1E2F353BF057}.Release|Any CPU.ActiveCfg = Release|Any CPU
		{72AE0A80-9FBF-4AAB-9CB0-1E2F353BF057}.Release|Any CPU.Build.0 = Release|Any CPU
	EndGlobalSection
	GlobalSection(SolutionProperties) = preSolution
		HideSolutionNode = FALSE
	EndGlobalSection
	GlobalSection(ExtensibilityGlobals) = postSolution
		SolutionGuid = {05B3CE19-474B-4697-B505-7ECB8D4F4EFE}
	EndGlobalSection
EndGlobal
