
Microsoft Visual Studio Solution File, Format Version 12.00
# Visual Studio 15
VisualStudioVersion = 15.0.28307.489
MinimumVisualStudioVersion = 10.0.40219.1
Project("{FAE04EC0-301F-11D3-BF4B-00C04F79EFBC}") = "Complementar1", "Complementar1\Complementar1.csproj", "{EDD83531-212C-4810-A4CD-7129818DFA89}"
EndProject
Global
	GlobalSection(SolutionConfigurationPlatforms) = preSolution
		Debug|Any CPU = Debug|Any CPU
		Release|Any CPU = Release|Any CPU
	EndGlobalSection
	GlobalSection(ProjectConfigurationPlatforms) = postSolution
		{EDD83531-212C-4810-A4CD-7129818DFA89}.Debug|Any CPU.ActiveCfg = Debug|Any CPU
		{EDD83531-212C-4810-A4CD-7129818DFA89}.Debug|Any CPU.Build.0 = Debug|Any CPU
		{EDD83531-212C-4810-A4CD-7129818DFA89}.Release|Any CPU.ActiveCfg = Release|Any CPU
		{EDD83531-212C-4810-A4CD-7129818DFA89}.Release|Any CPU.Build.0 = Release|Any CPU
	EndGlobalSection
	GlobalSection(SolutionProperties) = preSolution
		HideSolutionNode = FALSE
	EndGlobalSection
	GlobalSection(ExtensibilityGlobals) = postSolution
		SolutionGuid = {6C9CB681-A2BC-432F-BE17-EF815BE5A1C5}
	EndGlobalSection
EndGlobal
