
Microsoft Visual Studio Solution File, Format Version 12.00
# Visual Studio 15
VisualStudioVersion = 15.0.28307.572
MinimumVisualStudioVersion = 10.0.40219.1
Project("{FAE04EC0-301F-11D3-BF4B-00C04F79EFBC}") = "Teste", "Teste\Teste.csproj", "{D77E58C7-E2DB-4916-9FC1-1F8A4F5BB242}"
EndProject
Global
	GlobalSection(SolutionConfigurationPlatforms) = preSolution
		Debug|Any CPU = Debug|Any CPU
		Release|Any CPU = Release|Any CPU
	EndGlobalSection
	GlobalSection(ProjectConfigurationPlatforms) = postSolution
		{D77E58C7-E2DB-4916-9FC1-1F8A4F5BB242}.Debug|Any CPU.ActiveCfg = Debug|Any CPU
		{D77E58C7-E2DB-4916-9FC1-1F8A4F5BB242}.Debug|Any CPU.Build.0 = Debug|Any CPU
		{D77E58C7-E2DB-4916-9FC1-1F8A4F5BB242}.Release|Any CPU.ActiveCfg = Release|Any CPU
		{D77E58C7-E2DB-4916-9FC1-1F8A4F5BB242}.Release|Any CPU.Build.0 = Release|Any CPU
	EndGlobalSection
	GlobalSection(SolutionProperties) = preSolution
		HideSolutionNode = FALSE
	EndGlobalSection
	GlobalSection(ExtensibilityGlobals) = postSolution
		SolutionGuid = {33C8A134-79FE-4374-8D23-1DE1EE7AD7FA}
	EndGlobalSection
EndGlobal
