
Microsoft Visual Studio Solution File, Format Version 12.00
# Visual Studio 15
VisualStudioVersion = 15.0.28307.489
MinimumVisualStudioVersion = 10.0.40219.1
Project("{FAE04EC0-301F-11D3-BF4B-00C04F79EFBC}") = "Complementar3", "Complementar3\Complementar3.csproj", "{980A87A5-7C86-4043-8B42-50CF77582091}"
EndProject
Global
	GlobalSection(SolutionConfigurationPlatforms) = preSolution
		Debug|Any CPU = Debug|Any CPU
		Release|Any CPU = Release|Any CPU
	EndGlobalSection
	GlobalSection(ProjectConfigurationPlatforms) = postSolution
		{980A87A5-7C86-4043-8B42-50CF77582091}.Debug|Any CPU.ActiveCfg = Debug|Any CPU
		{980A87A5-7C86-4043-8B42-50CF77582091}.Debug|Any CPU.Build.0 = Debug|Any CPU
		{980A87A5-7C86-4043-8B42-50CF77582091}.Release|Any CPU.ActiveCfg = Release|Any CPU
		{980A87A5-7C86-4043-8B42-50CF77582091}.Release|Any CPU.Build.0 = Release|Any CPU
	EndGlobalSection
	GlobalSection(SolutionProperties) = preSolution
		HideSolutionNode = FALSE
	EndGlobalSection
	GlobalSection(ExtensibilityGlobals) = postSolution
		SolutionGuid = {6EC1815D-E1E7-4FB2-970C-7AB5DC7D589D}
	EndGlobalSection
EndGlobal
