
Microsoft Visual Studio Solution File, Format Version 12.00
# Visual Studio 15
VisualStudioVersion = 15.0.28307.489
MinimumVisualStudioVersion = 10.0.40219.1
Project("{FAE04EC0-301F-11D3-BF4B-00C04F79EFBC}") = "Ex23", "Ex23\Ex23.csproj", "{97FE5ADD-CE3C-46A3-A1D1-74345E746927}"
EndProject
Global
	GlobalSection(SolutionConfigurationPlatforms) = preSolution
		Debug|Any CPU = Debug|Any CPU
		Release|Any CPU = Release|Any CPU
	EndGlobalSection
	GlobalSection(ProjectConfigurationPlatforms) = postSolution
		{97FE5ADD-CE3C-46A3-A1D1-74345E746927}.Debug|Any CPU.ActiveCfg = Debug|Any CPU
		{97FE5ADD-CE3C-46A3-A1D1-74345E746927}.Debug|Any CPU.Build.0 = Debug|Any CPU
		{97FE5ADD-CE3C-46A3-A1D1-74345E746927}.Release|Any CPU.ActiveCfg = Release|Any CPU
		{97FE5ADD-CE3C-46A3-A1D1-74345E746927}.Release|Any CPU.Build.0 = Release|Any CPU
	EndGlobalSection
	GlobalSection(SolutionProperties) = preSolution
		HideSolutionNode = FALSE
	EndGlobalSection
	GlobalSection(ExtensibilityGlobals) = postSolution
		SolutionGuid = {85110480-7F7C-43FC-8354-37D4B054B250}
	EndGlobalSection
EndGlobal
